
Microsoft Visual Studio Solution File, Format Version 12.00
# Visual Studio Version 17
VisualStudioVersion = 17.0.31903.59
MinimumVisualStudioVersion = 10.0.40219.1
Project("{FAE04EC0-301F-11D3-BF4B-00C04F79EFBC}") = "BuildingBlocks", "BuildingBlocks.csproj", "{CEF0D8A1-DE2D-4C33-984A-E126BB8674C0}"
EndProject
Global
	GlobalSection(SolutionConfigurationPlatforms) = preSolution
		Debug|Any CPU = Debug|Any CPU
		Release|Any CPU = Release|Any CPU
	EndGlobalSection
	GlobalSection(SolutionProperties) = preSolution
		HideSolutionNode = FALSE
	EndGlobalSection
	GlobalSection(ProjectConfigurationPlatforms) = postSolution
		{CEF0D8A1-DE2D-4C33-984A-E126BB8674C0}.Debug|Any CPU.ActiveCfg = Debug|Any CPU
		{CEF0D8A1-DE2D-4C33-984A-E126BB8674C0}.Debug|Any CPU.Build.0 = Debug|Any CPU
		{CEF0D8A1-DE2D-4C33-984A-E126BB8674C0}.Release|Any CPU.ActiveCfg = Release|Any CPU
		{CEF0D8A1-DE2D-4C33-984A-E126BB8674C0}.Release|Any CPU.Build.0 = Release|Any CPU
	EndGlobalSection
EndGlobal
